
Microsoft Visual Studio Solution File, Format Version 11.00
# Visual Studio 2010
Project("{FAE04EC0-301F-11D3-BF4B-00C04F79EFBC}") = "adaptiveogmentedtest1", "Assembly-CSharp.csproj", "{9D2E4EEA-C9B9-1E97-AF99-B0065600F514}"
EndProject
Project("{FAE04EC0-301F-11D3-BF4B-00C04F79EFBC}") = "adaptiveogmentedtest1", "Assembly-CSharp-Editor.csproj", "{00718155-48DF-2716-398F-F2E1AC39203B}"
EndProject
Global
	GlobalSection(SolutionConfigurationPlatforms) = preSolution
		Debug|Any CPU = Debug|Any CPU
		Release|Any CPU = Release|Any CPU
	EndGlobalSection
	GlobalSection(ProjectConfigurationPlatforms) = postSolution
		{9D2E4EEA-C9B9-1E97-AF99-B0065600F514}.Debug|Any CPU.ActiveCfg = Debug|Any CPU
		{9D2E4EEA-C9B9-1E97-AF99-B0065600F514}.Debug|Any CPU.Build.0 = Debug|Any CPU
		{9D2E4EEA-C9B9-1E97-AF99-B0065600F514}.Release|Any CPU.ActiveCfg = Release|Any CPU
		{9D2E4EEA-C9B9-1E97-AF99-B0065600F514}.Release|Any CPU.Build.0 = Release|Any CPU
		{00718155-48DF-2716-398F-F2E1AC39203B}.Debug|Any CPU.ActiveCfg = Debug|Any CPU
		{00718155-48DF-2716-398F-F2E1AC39203B}.Debug|Any CPU.Build.0 = Debug|Any CPU
		{00718155-48DF-2716-398F-F2E1AC39203B}.Release|Any CPU.ActiveCfg = Release|Any CPU
		{00718155-48DF-2716-398F-F2E1AC39203B}.Release|Any CPU.Build.0 = Release|Any CPU
	EndGlobalSection
	GlobalSection(SolutionProperties) = preSolution
		HideSolutionNode = FALSE
	EndGlobalSection
	GlobalSection(MonoDevelopProperties) = preSolution
		StartupItem = Assembly-CSharp.csproj
	EndGlobalSection
EndGlobal
